Microsoft Visual Studio Solution File, Format Version 12.00
# Visual Studio 15
VisualStudioVersion = 15.0.27004.2009
MinimumVisualStudioVersion = 15.0.26124.0
Project("{2150E333-8FDC-42A3-9474-1A3956D46DE8}") = ".paket", ".paket", "{789D4CE3-D538-4C3B-B730-8F62F0056101}"
	ProjectSection(SolutionItems) = preProject
		paket.dependencies = paket.dependencies
	EndProjectSection
EndProject
Project("{6EC3EE1D-3C4E-46DD-8F32-0CC8E7565705}") = "EFCore.FSharp", "EFCore.FSharp\EFCore.FSharp.fsproj", "{47F6E448-0237-4B1D-896E-40E0FD3A9578}"
EndProject
Project("{6EC3EE1D-3C4E-46DD-8F32-0CC8E7565705}") = "EFCore.FSharp.Test", "EFCore.FSharp.Test\EFCore.FSharp.Test.fsproj", "{64EFC3DB-266D-4EB8-8407-48852BAE5323}"
EndProject
Global
	GlobalSection(SolutionConfigurationPlatforms) = preSolution
		Debug|Any CPU = Debug|Any CPU
		Debug|x64 = Debug|x64
		Debug|x86 = Debug|x86
		Release|Any CPU = Release|Any CPU
		Release|x64 = Release|x64
		Release|x86 = Release|x86
	EndGlobalSection
	GlobalSection(ProjectConfigurationPlatforms) = postSolution
		{47F6E448-0237-4B1D-896E-40E0FD3A9578}.Debug|Any CPU.ActiveCfg = Debug|Any CPU
		{47F6E448-0237-4B1D-896E-40E0FD3A9578}.Debug|Any CPU.Build.0 = Debug|Any CPU
		{47F6E448-0237-4B1D-896E-40E0FD3A9578}.Debug|x64.ActiveCfg = Debug|Any CPU
		{47F6E448-0237-4B1D-896E-40E0FD3A9578}.Debug|x64.Build.0 = Debug|Any CPU
		{47F6E448-0237-4B1D-896E-40E0FD3A9578}.Debug|x86.ActiveCfg = Debug|Any CPU
		{47F6E448-0237-4B1D-896E-40E0FD3A9578}.Debug|x86.Build.0 = Debug|Any CPU
		{47F6E448-0237-4B1D-896E-40E0FD3A9578}.Release|Any CPU.ActiveCfg = Release|Any CPU
		{47F6E448-0237-4B1D-896E-40E0FD3A9578}.Release|Any CPU.Build.0 = Release|Any CPU
		{47F6E448-0237-4B1D-896E-40E0FD3A9578}.Release|x64.ActiveCfg = Release|Any CPU
		{47F6E448-0237-4B1D-896E-40E0FD3A9578}.Release|x64.Build.0 = Release|Any CPU
		{47F6E448-0237-4B1D-896E-40E0FD3A9578}.Release|x86.ActiveCfg = Release|Any CPU
		{47F6E448-0237-4B1D-896E-40E0FD3A9578}.Release|x86.Build.0 = Release|Any CPU
		{64EFC3DB-266D-4EB8-8407-48852BAE5323}.Debug|Any CPU.ActiveCfg = Debug|Any CPU
		{64EFC3DB-266D-4EB8-8407-48852BAE5323}.Debug|Any CPU.Build.0 = Debug|Any CPU
		{64EFC3DB-266D-4EB8-8407-48852BAE5323}.Debug|x64.ActiveCfg = Debug|Any CPU
		{64EFC3DB-266D-4EB8-8407-48852BAE5323}.Debug|x64.Build.0 = Debug|Any CPU
		{64EFC3DB-266D-4EB8-8407-48852BAE5323}.Debug|x86.ActiveCfg = Debug|Any CPU
		{64EFC3DB-266D-4EB8-8407-48852BAE5323}.Debug|x86.Build.0 = Debug|Any CPU
		{64EFC3DB-266D-4EB8-8407-48852BAE5323}.Release|Any CPU.ActiveCfg = Release|Any CPU
		{64EFC3DB-266D-4EB8-8407-48852BAE5323}.Release|Any CPU.Build.0 = Release|Any CPU
		{64EFC3DB-266D-4EB8-8407-48852BAE5323}.Release|x64.ActiveCfg = Release|Any CPU
		{64EFC3DB-266D-4EB8-8407-48852BAE5323}.Release|x64.Build.0 = Release|Any CPU
		{64EFC3DB-266D-4EB8-8407-48852BAE5323}.Release|x86.ActiveCfg = Release|Any CPU
		{64EFC3DB-266D-4EB8-8407-48852BAE5323}.Release|x86.Build.0 = Release|Any CPU
	EndGlobalSection
	GlobalSection(SolutionProperties) = preSolution
		HideSolutionNode = FALSE
	EndGlobalSection
	GlobalSection(ExtensibilityGlobals) = postSolution
		SolutionGuid = {AF40CAE2-A92E-4136-961E-2C3859784496}
	EndGlobalSection
EndGlobal
